# This file was autogenerated by Stack.
# You should not edit this file by hand.
# For more information, please see the documentation at:
#   https://docs.haskellstack.org/en/stable/lock_files

packages:
- completed:
    hackage: streaming-with-0.2.2.1@sha256:f5f354c9d1ed9358bf91792a2804c897544b170b2891b6c0ee61120605f0327c,1280
    pantry-tree:
      size: 390
      sha256: 2348c80d121b8aae5d6dc462ad0bab28856c3aa58d62f16da9a6da190c1f59cc
  original:
    hackage: streaming-with-0.2.2.1@sha256:f5f354c9d1ed9358bf91792a2804c897544b170b2891b6c0ee61120605f0327c,1280
snapshots:
- completed:
    size: 531701
    url: https://raw.githubusercontent.com/commercialhaskell/stackage-snapshots/master/lts/16/4.yaml
    sha256: d6119cdacc6d6b39c0bb8f6e11e8db6a21e92a38552e0d553414ba346592b53f
  original: lts-16.4
